
Microsoft Visual Studio Solution File, Format Version 12.00
# Visual Studio Version 17
VisualStudioVersion = 17.6.33723.286
MinimumVisualStudioVersion = 10.0.40219.1
Project("{FAE04EC0-301F-11D3-BF4B-00C04F79EFBC}") = "Emulation.GameBoy", "Project/Emulation.GameBoy.csproj", "{7B31FB48-1205-4C7B-8145-0497C885FD45}"
EndProject
Global
	GlobalSection(SolutionConfigurationPlatforms) = preSolution
		Debug|Any CPU = Debug|Any CPU
		Release|Any CPU = Release|Any CPU
	EndGlobalSection
	GlobalSection(ProjectConfigurationPlatforms) = postSolution
		{7B31FB48-1205-4C7B-8145-0497C885FD45}.Debug|Any CPU.ActiveCfg = Debug|Any CPU
		{7B31FB48-1205-4C7B-8145-0497C885FD45}.Debug|Any CPU.Build.0 = Debug|Any CPU
		{7B31FB48-1205-4C7B-8145-0497C885FD45}.Release|Any CPU.ActiveCfg = Release|Any CPU
		{7B31FB48-1205-4C7B-8145-0497C885FD45}.Release|Any CPU.Build.0 = Release|Any CPU
	EndGlobalSection
	GlobalSection(SolutionProperties) = preSolution
		HideSolutionNode = FALSE
	EndGlobalSection
	GlobalSection(ExtensibilityGlobals) = postSolution
		SolutionGuid = {83F578D1-7458-4AB6-8D90-10642BAC07BC}
	EndGlobalSection
EndGlobal
